{
  "originHash" : "0e1e3be4b851092ab9126cb3cd237d82ccdd200e24f1a26a63a5da1c5306c7c9",
  "pins" : [
    {
      "identity" : "reactivclipkit-spm",
      "kind" : "remoteSourceControl",
      "location" : "https://github.com/reactivapp/ReactivClipKit-SPM",
      "state" : {
        "revision" : "3108aff2d65f723b27a1f3a710fea16d61be2339",
        "version" : "2.2.2602231"
      }
    }
  ],
  "version" : 3
}
