{
  "originHash" : "0e1e3be4b851092ab9126cb3cd237d82ccdd200e24f1a26a63a5da1c5306c7c9",
  "pins" : [
    {
      "identity" : "reactivclipkit-spm",
      "kind" : "remoteSourceControl",
      "location" : "https://github.com/reactivapp/ReactivClipKit-SPM",
      "state" : {
        "revision" : "2a4bcb0e2c49b0faa436931bcf5eefa40a1ddbd7",
        "version" : "2.3.2605041"
      }
    }
  ],
  "version" : 3
}
