{
  "originHash" : "0e1e3be4b851092ab9126cb3cd237d82ccdd200e24f1a26a63a5da1c5306c7c9",
  "pins" : [
    {
      "identity" : "reactivclipkit-spm",
      "kind" : "remoteSourceControl",
      "location" : "https://github.com/reactivapp/ReactivClipKit-SPM",
      "state" : {
        "revision" : "3a65a8d699733eea17feef67969927631b68a1fe",
        "version" : "1.0.2504242"
      }
    }
  ],
  "version" : 3
}
